{
  "name": "service-portal-snippets",
  "version": "1.0.4",
  "lockfileVersion": 2,
  "requires": true,
  "packages": {
    "": {
      "name": "service-portal-snippets",
      "version": "1.0.4",
      "hasInstallScript": true,
      "license": "MIT",
      "devDependencies": {
        "@types/node": "^13.13.52",
        "@types/vscode": "^1.75.1",
        "typescript": "^3.9.10"
      },
      "engines": {
        "vscode": "^1.75.1"
      }
    },
    "node_modules/@types/node": {
      "version": "13.13.52",
      "resolved": "https://registry.npmjs.org/@types/node/-/node-13.13.52.tgz",
      "integrity": "sha512-s3nugnZumCC//n4moGGe6tkNMyYEdaDBitVjwPxXmR5lnMG5dHePinH2EdxkG3Rh1ghFHHixAG4NJhpJW1rthQ==",
      "dev": true
    },
    "node_modules/@types/vscode": {
      "version": "1.75.1",
      "resolved": "https://registry.npmjs.org/@types/vscode/-/vscode-1.75.1.tgz",
      "integrity": "sha512-emg7wdsTFzdi+elvoyoA+Q8keEautdQHyY5LNmHVM4PTpY8JgOTVADrGVyXGepJ6dVW2OS5/xnLUWh+nZxvdiA==",
      "dev": true
    },
    "node_modules/typescript": {
      "version": "3.9.10",
      "resolved": "https://registry.npmjs.org/typescript/-/typescript-3.9.10.tgz",
      "integrity": "sha512-w6fIxVE/H1PkLKcCPsFqKE7Kv7QUwhU8qQY2MueZXWx5cPZdwFupLgKK3vntcK98BtNHZtAF4LA/yl2a7k8R6Q==",
      "dev": true,
      "bin": {
        "tsc": "bin/tsc",
        "tsserver": "bin/tsserver"
      },
      "engines": {
        "node": ">=4.2.0"
      }
    }
  },
  "dependencies": {
    "@types/node": {
      "version": "13.13.52",
      "resolved": "https://registry.npmjs.org/@types/node/-/node-13.13.52.tgz",
      "integrity": "sha512-s3nugnZumCC//n4moGGe6tkNMyYEdaDBitVjwPxXmR5lnMG5dHePinH2EdxkG3Rh1ghFHHixAG4NJhpJW1rthQ==",
      "dev": true
    },
    "@types/vscode": {
      "version": "1.75.1",
      "resolved": "https://registry.npmjs.org/@types/vscode/-/vscode-1.75.1.tgz",
      "integrity": "sha512-emg7wdsTFzdi+elvoyoA+Q8keEautdQHyY5LNmHVM4PTpY8JgOTVADrGVyXGepJ6dVW2OS5/xnLUWh+nZxvdiA==",
      "dev": true
    },
    "typescript": {
      "version": "3.9.10",
      "resolved": "https://registry.npmjs.org/typescript/-/typescript-3.9.10.tgz",
      "integrity": "sha512-w6fIxVE/H1PkLKcCPsFqKE7Kv7QUwhU8qQY2MueZXWx5cPZdwFupLgKK3vntcK98BtNHZtAF4LA/yl2a7k8R6Q==",
      "dev": true
    }
  }
}
