{
  "name": "service-portal-snippets",
  "version": "1.0.4",
  "lockfileVersion": 2,
  "requires": true,
  "packages": {
    "": {
      "name": "service-portal-snippets",
      "version": "1.0.4",
      "hasInstallScript": true,
      "license": "MIT",
      "devDependencies": {
        "@types/node": "^13.13.2",
        "@types/vscode": "^1.44.0",
        "typescript": "^3.8.3"
      },
      "engines": {
        "vscode": "^1.44.0"
      }
    },
    "node_modules/@types/node": {
      "version": "13.13.45",
      "resolved": "https://registry.npmjs.org/@types/node/-/node-13.13.45.tgz",
      "integrity": "sha512-703YTEp8AwQeapI0PTXDOj+Bs/mtdV/k9VcTP7z/de+lx6XjFMKdB+JhKnK+6PZ5za7omgZ3V6qm/dNkMj/Zow==",
      "dev": true
    },
    "node_modules/@types/vscode": {
      "version": "1.53.0",
      "resolved": "https://registry.npmjs.org/@types/vscode/-/vscode-1.53.0.tgz",
      "integrity": "sha512-XjFWbSPOM0EKIT2XhhYm3D3cx3nn3lshMUcWNy1eqefk+oqRuBq8unVb6BYIZqXy9lQZyeUl7eaBCOZWv+LcXQ==",
      "dev": true
    },
    "node_modules/typescript": {
      "version": "3.9.9",
      "resolved": "https://registry.npmjs.org/typescript/-/typescript-3.9.9.tgz",
      "integrity": "sha512-kdMjTiekY+z/ubJCATUPlRDl39vXYiMV9iyeMuEuXZh2we6zz80uovNN2WlAxmmdE/Z/YQe+EbOEXB5RHEED3w==",
      "dev": true,
      "bin": {
        "tsc": "bin/tsc",
        "tsserver": "bin/tsserver"
      },
      "engines": {
        "node": ">=4.2.0"
      }
    }
  },
  "dependencies": {
    "@types/node": {
      "version": "13.13.45",
      "resolved": "https://registry.npmjs.org/@types/node/-/node-13.13.45.tgz",
      "integrity": "sha512-703YTEp8AwQeapI0PTXDOj+Bs/mtdV/k9VcTP7z/de+lx6XjFMKdB+JhKnK+6PZ5za7omgZ3V6qm/dNkMj/Zow==",
      "dev": true
    },
    "@types/vscode": {
      "version": "1.53.0",
      "resolved": "https://registry.npmjs.org/@types/vscode/-/vscode-1.53.0.tgz",
      "integrity": "sha512-XjFWbSPOM0EKIT2XhhYm3D3cx3nn3lshMUcWNy1eqefk+oqRuBq8unVb6BYIZqXy9lQZyeUl7eaBCOZWv+LcXQ==",
      "dev": true
    },
    "typescript": {
      "version": "3.9.9",
      "resolved": "https://registry.npmjs.org/typescript/-/typescript-3.9.9.tgz",
      "integrity": "sha512-kdMjTiekY+z/ubJCATUPlRDl39vXYiMV9iyeMuEuXZh2we6zz80uovNN2WlAxmmdE/Z/YQe+EbOEXB5RHEED3w==",
      "dev": true
    }
  }
}
